
Microsoft Visual Studio Solution File, Format Version 12.00
# Visual Studio 15
VisualStudioVersion = 15.0.27703.2035
MinimumVisualStudioVersion = 10.0.40219.1
Project("{9A19103F-16F7-4668-BE54-9A1E7A4F7556}") = "PrimeNumbers", "PrimeNumbers\PrimeNumbers.csproj", "{E05A295C-D0A2-42C0-A5D9-1F4DAA0BC89B}"
EndProject
Project("{FAE04EC0-301F-11D3-BF4B-00C04F79EFBC}") = "Binary", "Binary\Binary.csproj", "{6B402CBA-2C77-428D-96A2-43F350CC2558}"
EndProject
Project("{FAE04EC0-301F-11D3-BF4B-00C04F79EFBC}") = "Hourglass", "Hourglass\Hourglass.csproj", "{8B43F0E2-A407-41CA-93A1-B4291A1E451D}"
EndProject
Project("{FAE04EC0-301F-11D3-BF4B-00C04F79EFBC}") = "LinkedListInsertFunc", "LinkedListInsertFunc\LinkedListInsertFunc.csproj", "{294C46C2-7424-4FEE-BF52-87C63103EAC5}"
EndProject
Project("{FAE04EC0-301F-11D3-BF4B-00C04F79EFBC}") = "BinarySearchTreeHeight", "BinarySearchTreeHeight\BinarySearchTreeHeight.csproj", "{45138FAA-56E8-4599-A7E7-4FD8798DF431}"
EndProject
Global
	GlobalSection(SolutionConfigurationPlatforms) = preSolution
		Debug|Any CPU = Debug|Any CPU
		Release|Any CPU = Release|Any CPU
	EndGlobalSection
	GlobalSection(ProjectConfigurationPlatforms) = postSolution
		{E05A295C-D0A2-42C0-A5D9-1F4DAA0BC89B}.Debug|Any CPU.ActiveCfg = Debug|Any CPU
		{E05A295C-D0A2-42C0-A5D9-1F4DAA0BC89B}.Debug|Any CPU.Build.0 = Debug|Any CPU
		{E05A295C-D0A2-42C0-A5D9-1F4DAA0BC89B}.Release|Any CPU.ActiveCfg = Release|Any CPU
		{E05A295C-D0A2-42C0-A5D9-1F4DAA0BC89B}.Release|Any CPU.Build.0 = Release|Any CPU
		{6B402CBA-2C77-428D-96A2-43F350CC2558}.Debug|Any CPU.ActiveCfg = Debug|Any CPU
		{6B402CBA-2C77-428D-96A2-43F350CC2558}.Debug|Any CPU.Build.0 = Debug|Any CPU
		{6B402CBA-2C77-428D-96A2-43F350CC2558}.Release|Any CPU.ActiveCfg = Release|Any CPU
		{6B402CBA-2C77-428D-96A2-43F350CC2558}.Release|Any CPU.Build.0 = Release|Any CPU
		{8B43F0E2-A407-41CA-93A1-B4291A1E451D}.Debug|Any CPU.ActiveCfg = Debug|Any CPU
		{8B43F0E2-A407-41CA-93A1-B4291A1E451D}.Debug|Any CPU.Build.0 = Debug|Any CPU
		{8B43F0E2-A407-41CA-93A1-B4291A1E451D}.Release|Any CPU.ActiveCfg = Release|Any CPU
		{8B43F0E2-A407-41CA-93A1-B4291A1E451D}.Release|Any CPU.Build.0 = Release|Any CPU
		{294C46C2-7424-4FEE-BF52-87C63103EAC5}.Debug|Any CPU.ActiveCfg = Debug|Any CPU
		{294C46C2-7424-4FEE-BF52-87C63103EAC5}.Debug|Any CPU.Build.0 = Debug|Any CPU
		{294C46C2-7424-4FEE-BF52-87C63103EAC5}.Release|Any CPU.ActiveCfg = Release|Any CPU
		{294C46C2-7424-4FEE-BF52-87C63103EAC5}.Release|Any CPU.Build.0 = Release|Any CPU
		{45138FAA-56E8-4599-A7E7-4FD8798DF431}.Debug|Any CPU.ActiveCfg = Debug|Any CPU
		{45138FAA-56E8-4599-A7E7-4FD8798DF431}.Debug|Any CPU.Build.0 = Debug|Any CPU
		{45138FAA-56E8-4599-A7E7-4FD8798DF431}.Release|Any CPU.ActiveCfg = Release|Any CPU
		{45138FAA-56E8-4599-A7E7-4FD8798DF431}.Release|Any CPU.Build.0 = Release|Any CPU
	EndGlobalSection
	GlobalSection(SolutionProperties) = preSolution
		HideSolutionNode = FALSE
	EndGlobalSection
	GlobalSection(ExtensibilityGlobals) = postSolution
		SolutionGuid = {F7BF3344-BA52-45CD-8F0C-DB5BE6536D8E}
	EndGlobalSection
EndGlobal
